
Microsoft Visual Studio Solution File, Format Version 12.00
# Visual Studio Version 17
VisualStudioVersion = 17.14.36811.4
MinimumVisualStudioVersion = 10.0.40219.1
Project("{FAE04EC0-301F-11D3-BF4B-00C04F79EFBC}") = "Domain", "Domain\Domain.csproj", "{C5F72C4C-0E21-4B92-B6CE-23201BEA3D1C}"
EndProject
Project("{FAE04EC0-301F-11D3-BF4B-00C04F79EFBC}") = "Application", "Application\Application.csproj", "{A52C47D6-1E80-4EA3-AF63-BBAF2F13E93E}"
EndProject
Project("{FAE04EC0-301F-11D3-BF4B-00C04F79EFBC}") = "Infrastructure", "Infrastructure\Infrastructure.csproj", "{A7BFC82C-506E-4AC1-A685-BC1870F550E7}"
EndProject
Project("{FAE04EC0-301F-11D3-BF4B-00C04F79EFBC}") = "API", "API\API.csproj", "{F7E5EB50-E5AC-41F4-97D0-018E889D6F00}"
EndProject
Project("{FAE04EC0-301F-11D3-BF4B-00C04F79EFBC}") = "BlazorApp", "BlazorApp\BlazorApp\BlazorApp.csproj", "{6F5B3BB7-DFE7-4E41-B6C5-EF7CF3250698}"
EndProject
Project("{FAE04EC0-301F-11D3-BF4B-00C04F79EFBC}") = "BlazorApp.Client", "BlazorApp\BlazorApp.Client\BlazorApp.Client.csproj", "{A475B5E1-4B1A-49B4-B397-521C3E0E23B2}"
EndProject
Project("{2150E333-8FDC-42A3-9474-1A3956D46DE8}") = "Tests", "Tests", "{0AB3BF05-4346-4AA6-1389-037BE0695223}"
EndProject
Project("{FAE04EC0-301F-11D3-BF4B-00C04F79EFBC}") = "StockLedger.E2E.Tests", "Tests\StockLedger.E2E.Tests\StockLedger.E2E.Tests.csproj", "{2941EB64-C258-4F44-87F3-95EED84273AB}"
EndProject
Global
	GlobalSection(SolutionConfigurationPlatforms) = preSolution
		Debug|Any CPU = Debug|Any CPU
		Debug|x64 = Debug|x64
		Debug|x86 = Debug|x86
		Release|Any CPU = Release|Any CPU
		Release|x64 = Release|x64
		Release|x86 = Release|x86
	EndGlobalSection
	GlobalSection(ProjectConfigurationPlatforms) = postSolution
		{C5F72C4C-0E21-4B92-B6CE-23201BEA3D1C}.Debug|Any CPU.ActiveCfg = Debug|Any CPU
		{C5F72C4C-0E21-4B92-B6CE-23201BEA3D1C}.Debug|Any CPU.Build.0 = Debug|Any CPU
		{C5F72C4C-0E21-4B92-B6CE-23201BEA3D1C}.Debug|x64.ActiveCfg = Debug|Any CPU
		{C5F72C4C-0E21-4B92-B6CE-23201BEA3D1C}.Debug|x64.Build.0 = Debug|Any CPU
		{C5F72C4C-0E21-4B92-B6CE-23201BEA3D1C}.Debug|x86.ActiveCfg = Debug|Any CPU
		{C5F72C4C-0E21-4B92-B6CE-23201BEA3D1C}.Debug|x86.Build.0 = Debug|Any CPU
		{C5F72C4C-0E21-4B92-B6CE-23201BEA3D1C}.Release|Any CPU.ActiveCfg = Release|Any CPU
		{C5F72C4C-0E21-4B92-B6CE-23201BEA3D1C}.Release|Any CPU.Build.0 = Release|Any CPU
		{C5F72C4C-0E21-4B92-B6CE-23201BEA3D1C}.Release|x64.ActiveCfg = Release|Any CPU
		{C5F72C4C-0E21-4B92-B6CE-23201BEA3D1C}.Release|x64.Build.0 = Release|Any CPU
		{C5F72C4C-0E21-4B92-B6CE-23201BEA3D1C}.Release|x86.ActiveCfg = Release|Any CPU
		{C5F72C4C-0E21-4B92-B6CE-23201BEA3D1C}.Release|x86.Build.0 = Release|Any CPU
		{A52C47D6-1E80-4EA3-AF63-BBAF2F13E93E}.Debug|Any CPU.ActiveCfg = Debug|Any CPU
		{A52C47D6-1E80-4EA3-AF63-BBAF2F13E93E}.Debug|Any CPU.Build.0 = Debug|Any CPU
		{A52C47D6-1E80-4EA3-AF63-BBAF2F13E93E}.Debug|x64.ActiveCfg = Debug|Any CPU
		{A52C47D6-1E80-4EA3-AF63-BBAF2F13E93E}.Debug|x64.Build.0 = Debug|Any CPU
		{A52C47D6-1E80-4EA3-AF63-BBAF2F13E93E}.Debug|x86.ActiveCfg = Debug|Any CPU
		{A52C47D6-1E80-4EA3-AF63-BBAF2F13E93E}.Debug|x86.Build.0 = Debug|Any CPU
		{A52C47D6-1E80-4EA3-AF63-BBAF2F13E93E}.Release|Any CPU.ActiveCfg = Release|Any CPU
		{A52C47D6-1E80-4EA3-AF63-BBAF2F13E93E}.Release|Any CPU.Build.0 = Release|Any CPU
		{A52C47D6-1E80-4EA3-AF63-BBAF2F13E93E}.Release|x64.ActiveCfg = Release|Any CPU
		{A52C47D6-1E80-4EA3-AF63-BBAF2F13E93E}.Release|x64.Build.0 = Release|Any CPU
		{A52C47D6-1E80-4EA3-AF63-BBAF2F13E93E}.Release|x86.ActiveCfg = Release|Any CPU
		{A52C47D6-1E80-4EA3-AF63-BBAF2F13E93E}.Release|x86.Build.0 = Release|Any CPU
		{A7BFC82C-506E-4AC1-A685-BC1870F550E7}.Debug|Any CPU.ActiveCfg = Debug|Any CPU
		{A7BFC82C-506E-4AC1-A685-BC1870F550E7}.Debug|Any CPU.Build.0 = Debug|Any CPU
		{A7BFC82C-506E-4AC1-A685-BC1870F550E7}.Debug|x64.ActiveCfg = Debug|Any CPU
		{A7BFC82C-506E-4AC1-A685-BC1870F550E7}.Debug|x64.Build.0 = Debug|Any CPU
		{A7BFC82C-506E-4AC1-A685-BC1870F550E7}.Debug|x86.ActiveCfg = Debug|Any CPU
		{A7BFC82C-506E-4AC1-A685-BC1870F550E7}.Debug|x86.Build.0 = Debug|Any CPU
		{A7BFC82C-506E-4AC1-A685-BC1870F550E7}.Release|Any CPU.ActiveCfg = Release|Any CPU
		{A7BFC82C-506E-4AC1-A685-BC1870F550E7}.Release|Any CPU.Build.0 = Release|Any CPU
		{A7BFC82C-506E-4AC1-A685-BC1870F550E7}.Release|x64.ActiveCfg = Release|Any CPU
		{A7BFC82C-506E-4AC1-A685-BC1870F550E7}.Release|x64.Build.0 = Release|Any CPU
		{A7BFC82C-506E-4AC1-A685-BC1870F550E7}.Release|x86.ActiveCfg = Release|Any CPU
		{A7BFC82C-506E-4AC1-A685-BC1870F550E7}.Release|x86.Build.0 = Release|Any CPU
		{F7E5EB50-E5AC-41F4-97D0-018E889D6F00}.Debug|Any CPU.ActiveCfg = Debug|Any CPU
		{F7E5EB50-E5AC-41F4-97D0-018E889D6F00}.Debug|Any CPU.Build.0 = Debug|Any CPU
		{F7E5EB50-E5AC-41F4-97D0-018E889D6F00}.Debug|x64.ActiveCfg = Debug|Any CPU
		{F7E5EB50-E5AC-41F4-97D0-018E889D6F00}.Debug|x64.Build.0 = Debug|Any CPU
		{F7E5EB50-E5AC-41F4-97D0-018E889D6F00}.Debug|x86.ActiveCfg = Debug|Any CPU
		{F7E5EB50-E5AC-41F4-97D0-018E889D6F00}.Debug|x86.Build.0 = Debug|Any CPU
		{F7E5EB50-E5AC-41F4-97D0-018E889D6F00}.Release|Any CPU.ActiveCfg = Release|Any CPU
		{F7E5EB50-E5AC-41F4-97D0-018E889D6F00}.Release|Any CPU.Build.0 = Release|Any CPU
		{F7E5EB50-E5AC-41F4-97D0-018E889D6F00}.Release|x64.ActiveCfg = Release|Any CPU
		{F7E5EB50-E5AC-41F4-97D0-018E889D6F00}.Release|x64.Build.0 = Release|Any CPU
		{F7E5EB50-E5AC-41F4-97D0-018E889D6F00}.Release|x86.ActiveCfg = Release|Any CPU
		{F7E5EB50-E5AC-41F4-97D0-018E889D6F00}.Release|x86.Build.0 = Release|Any CPU
		{6F5B3BB7-DFE7-4E41-B6C5-EF7CF3250698}.Debug|Any CPU.ActiveCfg = Debug|Any CPU
		{6F5B3BB7-DFE7-4E41-B6C5-EF7CF3250698}.Debug|Any CPU.Build.0 = Debug|Any CPU
		{6F5B3BB7-DFE7-4E41-B6C5-EF7CF3250698}.Debug|x64.ActiveCfg = Debug|Any CPU
		{6F5B3BB7-DFE7-4E41-B6C5-EF7CF3250698}.Debug|x64.Build.0 = Debug|Any CPU
		{6F5B3BB7-DFE7-4E41-B6C5-EF7CF3250698}.Debug|x86.ActiveCfg = Debug|Any CPU
		{6F5B3BB7-DFE7-4E41-B6C5-EF7CF3250698}.Debug|x86.Build.0 = Debug|Any CPU
		{6F5B3BB7-DFE7-4E41-B6C5-EF7CF3250698}.Release|Any CPU.ActiveCfg = Release|Any CPU
		{6F5B3BB7-DFE7-4E41-B6C5-EF7CF3250698}.Release|Any CPU.Build.0 = Release|Any CPU
		{6F5B3BB7-DFE7-4E41-B6C5-EF7CF3250698}.Release|x64.ActiveCfg = Release|Any CPU
		{6F5B3BB7-DFE7-4E41-B6C5-EF7CF3250698}.Release|x64.Build.0 = Release|Any CPU
		{6F5B3BB7-DFE7-4E41-B6C5-EF7CF3250698}.Release|x86.ActiveCfg = Release|Any CPU
		{6F5B3BB7-DFE7-4E41-B6C5-EF7CF3250698}.Release|x86.Build.0 = Release|Any CPU
		{A475B5E1-4B1A-49B4-B397-521C3E0E23B2}.Debug|Any CPU.ActiveCfg = Debug|Any CPU
		{A475B5E1-4B1A-49B4-B397-521C3E0E23B2}.Debug|Any CPU.Build.0 = Debug|Any CPU
		{A475B5E1-4B1A-49B4-B397-521C3E0E23B2}.Debug|x64.ActiveCfg = Debug|Any CPU
		{A475B5E1-4B1A-49B4-B397-521C3E0E23B2}.Debug|x64.Build.0 = Debug|Any CPU
		{A475B5E1-4B1A-49B4-B397-521C3E0E23B2}.Debug|x86.ActiveCfg = Debug|Any CPU
		{A475B5E1-4B1A-49B4-B397-521C3E0E23B2}.Debug|x86.Build.0 = Debug|Any CPU
		{A475B5E1-4B1A-49B4-B397-521C3E0E23B2}.Release|Any CPU.ActiveCfg = Release|Any CPU
		{A475B5E1-4B1A-49B4-B397-521C3E0E23B2}.Release|Any CPU.Build.0 = Release|Any CPU
		{A475B5E1-4B1A-49B4-B397-521C3E0E23B2}.Release|x64.ActiveCfg = Release|Any CPU
		{A475B5E1-4B1A-49B4-B397-521C3E0E23B2}.Release|x64.Build.0 = Release|Any CPU
		{A475B5E1-4B1A-49B4-B397-521C3E0E23B2}.Release|x86.ActiveCfg = Release|Any CPU
		{A475B5E1-4B1A-49B4-B397-521C3E0E23B2}.Release|x86.Build.0 = Release|Any CPU
		{2941EB64-C258-4F44-87F3-95EED84273AB}.Debug|Any CPU.ActiveCfg = Debug|Any CPU
		{2941EB64-C258-4F44-87F3-95EED84273AB}.Debug|Any CPU.Build.0 = Debug|Any CPU
		{2941EB64-C258-4F44-87F3-95EED84273AB}.Debug|x64.ActiveCfg = Debug|Any CPU
		{2941EB64-C258-4F44-87F3-95EED84273AB}.Debug|x64.Build.0 = Debug|Any CPU
		{2941EB64-C258-4F44-87F3-95EED84273AB}.Debug|x86.ActiveCfg = Debug|Any CPU
		{2941EB64-C258-4F44-87F3-95EED84273AB}.Debug|x86.Build.0 = Debug|Any CPU
		{2941EB64-C258-4F44-87F3-95EED84273AB}.Release|Any CPU.ActiveCfg = Release|Any CPU
		{2941EB64-C258-4F44-87F3-95EED84273AB}.Release|Any CPU.Build.0 = Release|Any CPU
		{2941EB64-C258-4F44-87F3-95EED84273AB}.Release|x64.ActiveCfg = Release|Any CPU
		{2941EB64-C258-4F44-87F3-95EED84273AB}.Release|x64.Build.0 = Release|Any CPU
		{2941EB64-C258-4F44-87F3-95EED84273AB}.Release|x86.ActiveCfg = Release|Any CPU
		{2941EB64-C258-4F44-87F3-95EED84273AB}.Release|x86.Build.0 = Release|Any CPU
	EndGlobalSection
	GlobalSection(SolutionProperties) = preSolution
		HideSolutionNode = FALSE
	EndGlobalSection
	GlobalSection(NestedProjects) = preSolution
		{2941EB64-C258-4F44-87F3-95EED84273AB} = {0AB3BF05-4346-4AA6-1389-037BE0695223}
	EndGlobalSection
	GlobalSection(ExtensibilityGlobals) = postSolution
		SolutionGuid = {F7A149DD-1BF1-4670-AD54-CC017017EE50}
	EndGlobalSection
EndGlobal
